
Microsoft Visual Studio Solution File, Format Version 12.00
# Visual Studio 14
VisualStudioVersion = 14.0.25420.1
MinimumVisualStudioVersion = 10.0.40219.1
Project("{FAE04EC0-301F-11D3-BF4B-00C04F79EFBC}") = "ClassLibrary", "ClassLibrary\ClassLibrary.csproj", "{B8597DA8-15D1-43BE-A892-E4C7741E9B93}"
EndProject
Project("{FAE04EC0-301F-11D3-BF4B-00C04F79EFBC}") = "AnotherClassLibrary", "AnotherClassLibrary\AnotherClassLibrary.csproj", "{B59FDEDC-FEAF-4BF2-A5F8-40464EA07362}"
EndProject
Project("{FAE04EC0-301F-11D3-BF4B-00C04F79EFBC}") = "YetAnotherClassLibrary", "YetAnotherClassLibrary\YetAnotherClassLibrary.csproj", "{2A42E405-E056-4B88-99CD-F2A6C3AF9C1F}"
EndProject
Global
	GlobalSection(SolutionConfigurationPlatforms) = preSolution
		Debug|Any CPU = Debug|Any CPU
		Release|Any CPU = Release|Any CPU
	EndGlobalSection
	GlobalSection(ProjectConfigurationPlatforms) = postSolution
		{B8597DA8-15D1-43BE-A892-E4C7741E9B93}.Debug|Any CPU.ActiveCfg = Debug|Any CPU
		{B8597DA8-15D1-43BE-A892-E4C7741E9B93}.Debug|Any CPU.Build.0 = Debug|Any CPU
		{B8597DA8-15D1-43BE-A892-E4C7741E9B93}.Release|Any CPU.ActiveCfg = Release|Any CPU
		{B8597DA8-15D1-43BE-A892-E4C7741E9B93}.Release|Any CPU.Build.0 = Release|Any CPU
		{B59FDEDC-FEAF-4BF2-A5F8-40464EA07362}.Debug|Any CPU.ActiveCfg = Debug|Any CPU
		{B59FDEDC-FEAF-4BF2-A5F8-40464EA07362}.Debug|Any CPU.Build.0 = Debug|Any CPU
		{B59FDEDC-FEAF-4BF2-A5F8-40464EA07362}.Release|Any CPU.ActiveCfg = Release|Any CPU
		{B59FDEDC-FEAF-4BF2-A5F8-40464EA07362}.Release|Any CPU.Build.0 = Release|Any CPU
		{2A42E405-E056-4B88-99CD-F2A6C3AF9C1F}.Debug|Any CPU.ActiveCfg = Debug|Any CPU
		{2A42E405-E056-4B88-99CD-F2A6C3AF9C1F}.Debug|Any CPU.Build.0 = Debug|Any CPU
		{2A42E405-E056-4B88-99CD-F2A6C3AF9C1F}.Release|Any CPU.ActiveCfg = Release|Any CPU
		{2A42E405-E056-4B88-99CD-F2A6C3AF9C1F}.Release|Any CPU.Build.0 = Release|Any CPU
	EndGlobalSection
	GlobalSection(SolutionProperties) = preSolution
		HideSolutionNode = FALSE
	EndGlobalSection
EndGlobal
